// !$*UTF8*$!
{
	archiveVersion = 1;
	classes = {
	};
	objectVersion = 51;
	objects = {

/* Begin PBXBuildFile section */
		53EADB7244B56C5CF0B5575B /* Pods_StackoverflowClient.framework in Frameworks */ = {isa = PBXBuildFile; fileRef = FD213D703DA116C93E51F77B /* Pods_StackoverflowClient.framework */; };
		D035B5E5237F2929000A4FC4 /* SCNetworkManager.swift in Sources */ = {isa = PBXBuildFile; fileRef = D035B5E4237F2929000A4FC4 /* SCNetworkManager.swift */; };
		D035B5EB237F361B000A4FC4 /* SCAuthentication.swift in Sources */ = {isa = PBXBuildFile; fileRef = D035B5EA237F361B000A4FC4 /* SCAuthentication.swift */; };
		D035B5ED237F5338000A4FC4 /* Utilities.swift in Sources */ = {isa = PBXBuildFile; fileRef = D035B5EC237F5338000A4FC4 /* Utilities.swift */; };
		D035B5EF237FE375000A4FC4 /* SCConstants.swift in Sources */ = {isa = PBXBuildFile; fileRef = D035B5EE237FE375000A4FC4 /* SCConstants.swift */; };
		D035B5F123801B2C000A4FC4 /* SCQuestion.swift in Sources */ = {isa = PBXBuildFile; fileRef = D035B5F023801B2C000A4FC4 /* SCQuestion.swift */; };
		D035B5F3238087B1000A4FC4 /* SCAPIRouter.swift in Sources */ = {isa = PBXBuildFile; fileRef = D035B5F2238087B1000A4FC4 /* SCAPIRouter.swift */; };
		D05EDAC1237E5D4200CA1742 /* AppDelegate.swift in Sources */ = {isa = PBXBuildFile; fileRef = D05EDAC0237E5D4200CA1742 /* AppDelegate.swift */; };
		D05EDAC3237E5D4200CA1742 /* SceneDelegate.swift in Sources */ = {isa = PBXBuildFile; fileRef = D05EDAC2237E5D4200CA1742 /* SceneDelegate.swift */; };
		D05EDAC8237E5D4200CA1742 /* Main.storyboard in Resources */ = {isa = PBXBuildFile; fileRef = D05EDAC6237E5D4200CA1742 /* Main.storyboard */; };
		D05EDACA237E5D4500CA1742 /* Assets.xcassets in Resources */ = {isa = PBXBuildFile; fileRef = D05EDAC9237E5D4500CA1742 /* Assets.xcassets */; };
		D05EDACD237E5D4500CA1742 /* LaunchScreen.storyboard in Resources */ = {isa = PBXBuildFile; fileRef = D05EDACB237E5D4500CA1742 /* LaunchScreen.storyboard */; };
		D05EDAD8237E5D4500CA1742 /* StackoverflowClientTests.swift in Sources */ = {isa = PBXBuildFile; fileRef = D05EDAD7237E5D4500CA1742 /* StackoverflowClientTests.swift */; };
		D091CA0E2380A2720098BA20 /* SCAuthManager.swift in Sources */ = {isa = PBXBuildFile; fileRef = D091CA0D2380A2720098BA20 /* SCAuthManager.swift */; };
		D091CA122380A2F40098BA20 /* SCLoginViewController.swift in Sources */ = {isa = PBXBuildFile; fileRef = D091CA112380A2F40098BA20 /* SCLoginViewController.swift */; };
		D091CA142380B6920098BA20 /* SCQuestionViewController.swift in Sources */ = {isa = PBXBuildFile; fileRef = D091CA132380B6920098BA20 /* SCQuestionViewController.swift */; };
		D091CA162380B6B40098BA20 /* SCQuestionViewModel.swift in Sources */ = {isa = PBXBuildFile; fileRef = D091CA152380B6B40098BA20 /* SCQuestionViewModel.swift */; };
		D091CA1923811ADD0098BA20 /* SCQuestionTableViewCell.swift in Sources */ = {isa = PBXBuildFile; fileRef = D091CA1823811ADD0098BA20 /* SCQuestionTableViewCell.swift */; };
		D091CA1B23811B630098BA20 /* SCQuestionCellViewModel.swift in Sources */ = {isa = PBXBuildFile; fileRef = D091CA1A23811B630098BA20 /* SCQuestionCellViewModel.swift */; };
		D091CA24238165660098BA20 /* SCTagCollectionViewCell.swift in Sources */ = {isa = PBXBuildFile; fileRef = D091CA23238165660098BA20 /* SCTagCollectionViewCell.swift */; };
		D091CA292381A9DC0098BA20 /* SCQuestionNavigationController.swift in Sources */ = {isa = PBXBuildFile; fileRef = D091CA282381A9DC0098BA20 /* SCQuestionNavigationController.swift */; };
		D091CA2C2381C99B0098BA20 /* SCSettingsViewController.swift in Sources */ = {isa = PBXBuildFile; fileRef = D091CA2B2381C99B0098BA20 /* SCSettingsViewController.swift */; };
		D091CA2E2381C9AE0098BA20 /* SCSettingsViewModel.swift in Sources */ = {isa = PBXBuildFile; fileRef = D091CA2D2381C9AE0098BA20 /* SCSettingsViewModel.swift */; };
		FCBF039344D12A3F5D8ACCD8 /* Pods_StackoverflowClientTests.framework in Frameworks */ = {isa = PBXBuildFile; fileRef = CEA690C7E485CC045C3A72C4 /* Pods_StackoverflowClientTests.framework */; };
/* End PBXBuildFile section */

/* Begin PBXContainerItemProxy section */
		D05EDAD4237E5D4500CA1742 /* PBXContainerItemProxy */ = {
			isa = PBXContainerItemProxy;
			containerPortal = D05EDAB5237E5D4200CA1742 /* Project object */;
			proxyType = 1;
			remoteGlobalIDString = D05EDABC237E5D4200CA1742;
			remoteInfo = StackoverflowClient;
		};
/* End PBXContainerItemProxy section */

/* Begin PBXFileReference section */
		04208B5D6E665F6A70BA36E5 /* Pods-StackoverflowClientTests.release.xcconfig */ = {isa = PBXFileReference; includeInIndex = 1; lastKnownFileType = text.xcconfig; name = "Pods-StackoverflowClientTests.release.xcconfig"; path = "Target Support Files/Pods-StackoverflowClientTests/Pods-StackoverflowClientTests.release.xcconfig"; sourceTree = "<group>"; };
		9C882A6C470EB60EC246E2EC /* Pods-StackoverflowClientTests.debug.xcconfig */ = {isa = PBXFileReference; includeInIndex = 1; lastKnownFileType = text.xcconfig; name = "Pods-StackoverflowClientTests.debug.xcconfig"; path = "Target Support Files/Pods-StackoverflowClientTests/Pods-StackoverflowClientTests.debug.xcconfig"; sourceTree = "<group>"; };
		A3D6ADF47A5FCF75929BB4BA /* Pods-StackoverflowClient.release.xcconfig */ = {isa = PBXFileReference; includeInIndex = 1; lastKnownFileType = text.xcconfig; name = "Pods-StackoverflowClient.release.xcconfig"; path = "Target Support Files/Pods-StackoverflowClient/Pods-StackoverflowClient.release.xcconfig"; sourceTree = "<group>"; };
		A4A46F97ED71589ADEB3404A /* Pods-StackoverflowClient.debug.xcconfig */ = {isa = PBXFileReference; includeInIndex = 1; lastKnownFileType = text.xcconfig; name = "Pods-StackoverflowClient.debug.xcconfig"; path = "Target Support Files/Pods-StackoverflowClient/Pods-StackoverflowClient.debug.xcconfig"; sourceTree = "<group>"; };
		CEA690C7E485CC045C3A72C4 /* Pods_StackoverflowClientTests.framework */ = {isa = PBXFileReference; explicitFileType = wrapper.framework; includeInIndex = 0; path = Pods_StackoverflowClientTests.framework; sourceTree = BUILT_PRODUCTS_DIR; };
		D035B5E4237F2929000A4FC4 /* SCNetworkManager.swift */ = {isa = PBXFileReference; lastKnownFileType = sourcecode.swift; path = SCNetworkManager.swift; sourceTree = "<group>"; };
		D035B5EA237F361B000A4FC4 /* SCAuthentication.swift */ = {isa = PBXFileReference; lastKnownFileType = sourcecode.swift; path = SCAuthentication.swift; sourceTree = "<group>"; };
		D035B5EC237F5338000A4FC4 /* Utilities.swift */ = {isa = PBXFileReference; lastKnownFileType = sourcecode.swift; path = Utilities.swift; sourceTree = "<group>"; };
		D035B5EE237FE375000A4FC4 /* SCConstants.swift */ = {isa = PBXFileReference; lastKnownFileType = sourcecode.swift; path = SCConstants.swift; sourceTree = "<group>"; };
		D035B5F023801B2C000A4FC4 /* SCQuestion.swift */ = {isa = PBXFileReference; lastKnownFileType = sourcecode.swift; path = SCQuestion.swift; sourceTree = "<group>"; };
		D035B5F2238087B1000A4FC4 /* SCAPIRouter.swift */ = {isa = PBXFileReference; lastKnownFileType = sourcecode.swift; path = SCAPIRouter.swift; sourceTree = "<group>"; };
		D05EDABD237E5D4200CA1742 /* StackoverflowClient.app */ = {isa = PBXFileReference; explicitFileType = wrapper.application; includeInIndex = 0; path = StackoverflowClient.app; sourceTree = BUILT_PRODUCTS_DIR; };
		D05EDAC0237E5D4200CA1742 /* AppDelegate.swift */ = {isa = PBXFileReference; lastKnownFileType = sourcecode.swift; path = AppDelegate.swift; sourceTree = "<group>"; };
		D05EDAC2237E5D4200CA1742 /* SceneDelegate.swift */ = {isa = PBXFileReference; lastKnownFileType = sourcecode.swift; path = SceneDelegate.swift; sourceTree = "<group>"; };
		D05EDAC7237E5D4200CA1742 /* Base */ = {isa = PBXFileReference; lastKnownFileType = file.storyboard; name = Base; path = Base.lproj/Main.storyboard; sourceTree = "<group>"; };
		D05EDAC9237E5D4500CA1742 /* Assets.xcassets */ = {isa = PBXFileReference; lastKnownFileType = folder.assetcatalog; path = Assets.xcassets; sourceTree = "<group>"; };
		D05EDACC237E5D4500CA1742 /* Base */ = {isa = PBXFileReference; lastKnownFileType = file.storyboard; name = Base; path = Base.lproj/LaunchScreen.storyboard; sourceTree = "<group>"; };
		D05EDACE237E5D4500CA1742 /* Info.plist */ = {isa = PBXFileReference; lastKnownFileType = text.plist.xml; path = Info.plist; sourceTree = "<group>"; };
		D05EDAD3237E5D4500CA1742 /* StackoverflowClientTests.xctest */ = {isa = PBXFileReference; explicitFileType = wrapper.cfbundle; includeInIndex = 0; path = StackoverflowClientTests.xctest; sourceTree = BUILT_PRODUCTS_DIR; };
		D05EDAD7237E5D4500CA1742 /* StackoverflowClientTests.swift */ = {isa = PBXFileReference; lastKnownFileType = sourcecode.swift; path = StackoverflowClientTests.swift; sourceTree = "<group>"; };
		D05EDAD9237E5D4500CA1742 /* Info.plist */ = {isa = PBXFileReference; lastKnownFileType = text.plist.xml; path = Info.plist; sourceTree = "<group>"; };
		D091CA0D2380A2720098BA20 /* SCAuthManager.swift */ = {isa = PBXFileReference; lastKnownFileType = sourcecode.swift; path = SCAuthManager.swift; sourceTree = "<group>"; };
		D091CA112380A2F40098BA20 /* SCLoginViewController.swift */ = {isa = PBXFileReference; lastKnownFileType = sourcecode.swift; path = SCLoginViewController.swift; sourceTree = "<group>"; };
		D091CA132380B6920098BA20 /* SCQuestionViewController.swift */ = {isa = PBXFileReference; lastKnownFileType = sourcecode.swift; path = SCQuestionViewController.swift; sourceTree = "<group>"; };
		D091CA152380B6B40098BA20 /* SCQuestionViewModel.swift */ = {isa = PBXFileReference; lastKnownFileType = sourcecode.swift; path = SCQuestionViewModel.swift; sourceTree = "<group>"; };
		D091CA1823811ADD0098BA20 /* SCQuestionTableViewCell.swift */ = {isa = PBXFileReference; lastKnownFileType = sourcecode.swift; path = SCQuestionTableViewCell.swift; sourceTree = "<group>"; };
		D091CA1A23811B630098BA20 /* SCQuestionCellViewModel.swift */ = {isa = PBXFileReference; lastKnownFileType = sourcecode.swift; path = SCQuestionCellViewModel.swift; sourceTree = "<group>"; };
		D091CA23238165660098BA20 /* SCTagCollectionViewCell.swift */ = {isa = PBXFileReference; lastKnownFileType = sourcecode.swift; path = SCTagCollectionViewCell.swift; sourceTree = "<group>"; };
		D091CA282381A9DC0098BA20 /* SCQuestionNavigationController.swift */ = {isa = PBXFileReference; lastKnownFileType = sourcecode.swift; path = SCQuestionNavigationController.swift; sourceTree = "<group>"; };
		D091CA2B2381C99B0098BA20 /* SCSettingsViewController.swift */ = {isa = PBXFileReference; lastKnownFileType = sourcecode.swift; path = SCSettingsViewController.swift; sourceTree = "<group>"; };
		D091CA2D2381C9AE0098BA20 /* SCSettingsViewModel.swift */ = {isa = PBXFileReference; lastKnownFileType = sourcecode.swift; path = SCSettingsViewModel.swift; sourceTree = "<group>"; };
		FD213D703DA116C93E51F77B /* Pods_StackoverflowClient.framework */ = {isa = PBXFileReference; explicitFileType = wrapper.framework; includeInIndex = 0; path = Pods_StackoverflowClient.framework; sourceTree = BUILT_PRODUCTS_DIR; };
/* End PBXFileReference section */

/* Begin PBXFrameworksBuildPhase section */
		D05EDABA237E5D4200CA1742 /* Frameworks */ = {
			isa = PBXFrameworksBuildPhase;
			buildActionMask = 2147483647;
			files = (
				53EADB7244B56C5CF0B5575B /* Pods_StackoverflowClient.framework in Frameworks */,
			);
			runOnlyForDeploymentPostprocessing = 0;
		};
		D05EDAD0237E5D4500CA1742 /* Frameworks */ = {
			isa = PBXFrameworksBuildPhase;
			buildActionMask = 2147483647;
			files = (
				FCBF039344D12A3F5D8ACCD8 /* Pods_StackoverflowClientTests.framework in Frameworks */,
			);
			runOnlyForDeploymentPostprocessing = 0;
		};
/* End PBXFrameworksBuildPhase section */

/* Begin PBXGroup section */
		5E20A219EEFAD3396355224C /* Frameworks */ = {
			isa = PBXGroup;
			children = (
				FD213D703DA116C93E51F77B /* Pods_StackoverflowClient.framework */,
				CEA690C7E485CC045C3A72C4 /* Pods_StackoverflowClientTests.framework */,
			);
			name = Frameworks;
			sourceTree = "<group>";
		};
		6CD7AC60214A59115CB99AE3 /* Pods */ = {
			isa = PBXGroup;
			children = (
				A4A46F97ED71589ADEB3404A /* Pods-StackoverflowClient.debug.xcconfig */,
				A3D6ADF47A5FCF75929BB4BA /* Pods-StackoverflowClient.release.xcconfig */,
				9C882A6C470EB60EC246E2EC /* Pods-StackoverflowClientTests.debug.xcconfig */,
				04208B5D6E665F6A70BA36E5 /* Pods-StackoverflowClientTests.release.xcconfig */,
			);
			path = Pods;
			sourceTree = "<group>";
		};
		D035B5E3237F2909000A4FC4 /* NetworkManager */ = {
			isa = PBXGroup;
			children = (
				D035B5E9237F35EC000A4FC4 /* Model */,
				D035B5E4237F2929000A4FC4 /* SCNetworkManager.swift */,
				D035B5F2238087B1000A4FC4 /* SCAPIRouter.swift */,
			);
			path = NetworkManager;
			sourceTree = "<group>";
		};
		D035B5E8237F351E000A4FC4 /* Utilities */ = {
			isa = PBXGroup;
			children = (
				D035B5EC237F5338000A4FC4 /* Utilities.swift */,
				D035B5EE237FE375000A4FC4 /* SCConstants.swift */,
			);
			path = Utilities;
			sourceTree = "<group>";
		};
		D035B5E9237F35EC000A4FC4 /* Model */ = {
			isa = PBXGroup;
			children = (
				D035B5EA237F361B000A4FC4 /* SCAuthentication.swift */,
				D035B5F023801B2C000A4FC4 /* SCQuestion.swift */,
			);
			path = Model;
			sourceTree = "<group>";
		};
		D05EDAB4237E5D4200CA1742 = {
			isa = PBXGroup;
			children = (
				D05EDABF237E5D4200CA1742 /* StackoverflowClient */,
				D05EDAD6237E5D4500CA1742 /* StackoverflowClientTests */,
				D05EDABE237E5D4200CA1742 /* Products */,
				6CD7AC60214A59115CB99AE3 /* Pods */,
				5E20A219EEFAD3396355224C /* Frameworks */,
			);
			sourceTree = "<group>";
		};
		D05EDABE237E5D4200CA1742 /* Products */ = {
			isa = PBXGroup;
			children = (
				D05EDABD237E5D4200CA1742 /* StackoverflowClient.app */,
				D05EDAD3237E5D4500CA1742 /* StackoverflowClientTests.xctest */,
			);
			name = Products;
			sourceTree = "<group>";
		};
		D05EDABF237E5D4200CA1742 /* StackoverflowClient */ = {
			isa = PBXGroup;
			children = (
				D091CA2A2381C97D0098BA20 /* Settings */,
				D091CA272381A99F0098BA20 /* NavigationController */,
				D091CA102380A2D00098BA20 /* Question */,
				D091CA0F2380A2C80098BA20 /* Login */,
				D091CA0C2380A2580098BA20 /* AuthManager */,
				D035B5E8237F351E000A4FC4 /* Utilities */,
				D035B5E3237F2909000A4FC4 /* NetworkManager */,
				D05EDAC2237E5D4200CA1742 /* SceneDelegate.swift */,
				D05EDAC0237E5D4200CA1742 /* AppDelegate.swift */,
				D05EDAC6237E5D4200CA1742 /* Main.storyboard */,
				D05EDAC9237E5D4500CA1742 /* Assets.xcassets */,
				D05EDACB237E5D4500CA1742 /* LaunchScreen.storyboard */,
				D05EDACE237E5D4500CA1742 /* Info.plist */,
			);
			path = StackoverflowClient;
			sourceTree = "<group>";
		};
		D05EDAD6237E5D4500CA1742 /* StackoverflowClientTests */ = {
			isa = PBXGroup;
			children = (
				D05EDAD7237E5D4500CA1742 /* StackoverflowClientTests.swift */,
				D05EDAD9237E5D4500CA1742 /* Info.plist */,
			);
			path = StackoverflowClientTests;
			sourceTree = "<group>";
		};
		D091CA0C2380A2580098BA20 /* AuthManager */ = {
			isa = PBXGroup;
			children = (
				D091CA0D2380A2720098BA20 /* SCAuthManager.swift */,
			);
			path = AuthManager;
			sourceTree = "<group>";
		};
		D091CA0F2380A2C80098BA20 /* Login */ = {
			isa = PBXGroup;
			children = (
				D091CA112380A2F40098BA20 /* SCLoginViewController.swift */,
			);
			path = Login;
			sourceTree = "<group>";
		};
		D091CA102380A2D00098BA20 /* Question */ = {
			isa = PBXGroup;
			children = (
				D091CA132380B6920098BA20 /* SCQuestionViewController.swift */,
				D091CA152380B6B40098BA20 /* SCQuestionViewModel.swift */,
				D091CA172380B6BC0098BA20 /* View */,
			);
			path = Question;
			sourceTree = "<group>";
		};
		D091CA172380B6BC0098BA20 /* View */ = {
			isa = PBXGroup;
			children = (
				D091CA1823811ADD0098BA20 /* SCQuestionTableViewCell.swift */,
				D091CA1A23811B630098BA20 /* SCQuestionCellViewModel.swift */,
				D091CA222381654B0098BA20 /* Tag */,
			);
			path = View;
			sourceTree = "<group>";
		};
		D091CA222381654B0098BA20 /* Tag */ = {
			isa = PBXGroup;
			children = (
				D091CA23238165660098BA20 /* SCTagCollectionViewCell.swift */,
			);
			path = Tag;
			sourceTree = "<group>";
		};
		D091CA272381A99F0098BA20 /* NavigationController */ = {
			isa = PBXGroup;
			children = (
				D091CA282381A9DC0098BA20 /* SCQuestionNavigationController.swift */,
			);
			path = NavigationController;
			sourceTree = "<group>";
		};
		D091CA2A2381C97D0098BA20 /* Settings */ = {
			isa = PBXGroup;
			children = (
				D091CA2B2381C99B0098BA20 /* SCSettingsViewController.swift */,
				D091CA2D2381C9AE0098BA20 /* SCSettingsViewModel.swift */,
			);
			path = Settings;
			sourceTree = "<group>";
		};
/* End PBXGroup section */

/* Begin PBXNativeTarget section */
		D05EDABC237E5D4200CA1742 /* StackoverflowClient */ = {
			isa = PBXNativeTarget;
			buildConfigurationList = D05EDADC237E5D4500CA1742 /* Build configuration list for PBXNativeTarget "StackoverflowClient" */;
			buildPhases = (
				85BB6BD8370B35BC24E40983 /* [CP] Check Pods Manifest.lock */,
				D05EDAB9237E5D4200CA1742 /* Sources */,
				D05EDABA237E5D4200CA1742 /* Frameworks */,
				D05EDABB237E5D4200CA1742 /* Resources */,
				CE0F5594AD9F173396F05089 /* [CP] Embed Pods Frameworks */,
			);
			buildRules = (
			);
			dependencies = (
			);
			name = StackoverflowClient;
			productName = StackoverflowClient;
			productReference = D05EDABD237E5D4200CA1742 /* StackoverflowClient.app */;
			productType = "com.apple.product-type.application";
		};
		D05EDAD2237E5D4500CA1742 /* StackoverflowClientTests */ = {
			isa = PBXNativeTarget;
			buildConfigurationList = D05EDADF237E5D4500CA1742 /* Build configuration list for PBXNativeTarget "StackoverflowClientTests" */;
			buildPhases = (
				A4CA2CBA7842C793599B8AD7 /* [CP] Check Pods Manifest.lock */,
				D05EDACF237E5D4500CA1742 /* Sources */,
				D05EDAD0237E5D4500CA1742 /* Frameworks */,
				D05EDAD1237E5D4500CA1742 /* Resources */,
			);
			buildRules = (
			);
			dependencies = (
				D05EDAD5237E5D4500CA1742 /* PBXTargetDependency */,
			);
			name = StackoverflowClientTests;
			productName = StackoverflowClientTests;
			productReference = D05EDAD3237E5D4500CA1742 /* StackoverflowClientTests.xctest */;
			productType = "com.apple.product-type.bundle.unit-test";
		};
/* End PBXNativeTarget section */

/* Begin PBXProject section */
		D05EDAB5237E5D4200CA1742 /* Project object */ = {
			isa = PBXProject;
			attributes = {
				CLASSPREFIX = SC;
				LastSwiftUpdateCheck = 1120;
				LastUpgradeCheck = 1120;
				ORGANIZATIONNAME = "Anugheerthi E S";
				TargetAttributes = {
					D05EDABC237E5D4200CA1742 = {
						CreatedOnToolsVersion = 11.2.1;
					};
					D05EDAD2237E5D4500CA1742 = {
						CreatedOnToolsVersion = 11.2.1;
						TestTargetID = D05EDABC237E5D4200CA1742;
					};
				};
			};
			buildConfigurationList = D05EDAB8237E5D4200CA1742 /* Build configuration list for PBXProject "StackoverflowClient" */;
			compatibilityVersion = "Xcode 9.3";
			developmentRegion = en;
			hasScannedForEncodings = 0;
			knownRegions = (
				en,
				Base,
			);
			mainGroup = D05EDAB4237E5D4200CA1742;
			productRefGroup = D05EDABE237E5D4200CA1742 /* Products */;
			projectDirPath = "";
			projectRoot = "";
			targets = (
				D05EDABC237E5D4200CA1742 /* StackoverflowClient */,
				D05EDAD2237E5D4500CA1742 /* StackoverflowClientTests */,
			);
		};
/* End PBXProject section */

/* Begin PBXResourcesBuildPhase section */
		D05EDABB237E5D4200CA1742 /* Resources */ = {
			isa = PBXResourcesBuildPhase;
			buildActionMask = 2147483647;
			files = (
				D05EDACD237E5D4500CA1742 /* LaunchScreen.storyboard in Resources */,
				D05EDACA237E5D4500CA1742 /* Assets.xcassets in Resources */,
				D05EDAC8237E5D4200CA1742 /* Main.storyboard in Resources */,
			);
			runOnlyForDeploymentPostprocessing = 0;
		};
		D05EDAD1237E5D4500CA1742 /* Resources */ = {
			isa = PBXResourcesBuildPhase;
			buildActionMask = 2147483647;
			files = (
			);
			runOnlyForDeploymentPostprocessing = 0;
		};
/* End PBXResourcesBuildPhase section */

/* Begin PBXShellScriptBuildPhase section */
		85BB6BD8370B35BC24E40983 /* [CP] Check Pods Manifest.lock */ = {
			isa = PBXShellScriptBuildPhase;
			buildActionMask = 2147483647;
			files = (
			);
			inputFileListPaths = (
			);
			inputPaths = (
				"${PODS_PODFILE_DIR_PATH}/Podfile.lock",
				"${PODS_ROOT}/Manifest.lock",
			);
			name = "[CP] Check Pods Manifest.lock";
			outputFileListPaths = (
			);
			outputPaths = (
				"$(DERIVED_FILE_DIR)/Pods-StackoverflowClient-checkManifestLockResult.txt",
			);
			runOnlyForDeploymentPostprocessing = 0;
			shellPath = /bin/sh;
			shellScript = "diff \"${PODS_PODFILE_DIR_PATH}/Podfile.lock\" \"${PODS_ROOT}/Manifest.lock\" > /dev/null\nif [ $? != 0 ] ; then\n    # print error to STDERR\n    echo \"error: The sandbox is not in sync with the Podfile.lock. Run 'pod install' or update your CocoaPods installation.\" >&2\n    exit 1\nfi\n# This output is used by Xcode 'outputs' to avoid re-running this script phase.\necho \"SUCCESS\" > \"${SCRIPT_OUTPUT_FILE_0}\"\n";
			showEnvVarsInLog = 0;
		};
		A4CA2CBA7842C793599B8AD7 /* [CP] Check Pods Manifest.lock */ = {
			isa = PBXShellScriptBuildPhase;
			buildActionMask = 2147483647;
			files = (
			);
			inputFileListPaths = (
			);
			inputPaths = (
				"${PODS_PODFILE_DIR_PATH}/Podfile.lock",
				"${PODS_ROOT}/Manifest.lock",
			);
			name = "[CP] Check Pods Manifest.lock";
			outputFileListPaths = (
			);
			outputPaths = (
				"$(DERIVED_FILE_DIR)/Pods-StackoverflowClientTests-checkManifestLockResult.txt",
			);
			runOnlyForDeploymentPostprocessing = 0;
			shellPath = /bin/sh;
			shellScript = "diff \"${PODS_PODFILE_DIR_PATH}/Podfile.lock\" \"${PODS_ROOT}/Manifest.lock\" > /dev/null\nif [ $? != 0 ] ; then\n    # print error to STDERR\n    echo \"error: The sandbox is not in sync with the Podfile.lock. Run 'pod install' or update your CocoaPods installation.\" >&2\n    exit 1\nfi\n# This output is used by Xcode 'outputs' to avoid re-running this script phase.\necho \"SUCCESS\" > \"${SCRIPT_OUTPUT_FILE_0}\"\n";
			showEnvVarsInLog = 0;
		};
		CE0F5594AD9F173396F05089 /* [CP] Embed Pods Frameworks */ = {
			isa = PBXShellScriptBuildPhase;
			buildActionMask = 2147483647;
			files = (
			);
			inputFileListPaths = (
				"${PODS_ROOT}/Target Support Files/Pods-StackoverflowClient/Pods-StackoverflowClient-frameworks-${CONFIGURATION}-input-files.xcfilelist",
			);
			name = "[CP] Embed Pods Frameworks";
			outputFileListPaths = (
				"${PODS_ROOT}/Target Support Files/Pods-StackoverflowClient/Pods-StackoverflowClient-frameworks-${CONFIGURATION}-output-files.xcfilelist",
			);
			runOnlyForDeploymentPostprocessing = 0;
			shellPath = /bin/sh;
			shellScript = "\"${PODS_ROOT}/Target Support Files/Pods-StackoverflowClient/Pods-StackoverflowClient-frameworks.sh\"\n";
			showEnvVarsInLog = 0;
		};
/* End PBXShellScriptBuildPhase section */

/* Begin PBXSourcesBuildPhase section */
		D05EDAB9237E5D4200CA1742 /* Sources */ = {
			isa = PBXSourcesBuildPhase;
			buildActionMask = 2147483647;
			files = (
				D091CA142380B6920098BA20 /* SCQuestionViewController.swift in Sources */,
				D035B5EF237FE375000A4FC4 /* SCConstants.swift in Sources */,
				D091CA162380B6B40098BA20 /* SCQuestionViewModel.swift in Sources */,
				D035B5F123801B2C000A4FC4 /* SCQuestion.swift in Sources */,
				D035B5F3238087B1000A4FC4 /* SCAPIRouter.swift in Sources */,
				D035B5ED237F5338000A4FC4 /* Utilities.swift in Sources */,
				D035B5E5237F2929000A4FC4 /* SCNetworkManager.swift in Sources */,
				D05EDAC1237E5D4200CA1742 /* AppDelegate.swift in Sources */,
				D091CA292381A9DC0098BA20 /* SCQuestionNavigationController.swift in Sources */,
				D091CA0E2380A2720098BA20 /* SCAuthManager.swift in Sources */,
				D091CA1923811ADD0098BA20 /* SCQuestionTableViewCell.swift in Sources */,
				D035B5EB237F361B000A4FC4 /* SCAuthentication.swift in Sources */,
				D091CA2E2381C9AE0098BA20 /* SCSettingsViewModel.swift in Sources */,
				D091CA122380A2F40098BA20 /* SCLoginViewController.swift in Sources */,
				D091CA2C2381C99B0098BA20 /* SCSettingsViewController.swift in Sources */,
				D091CA1B23811B630098BA20 /* SCQuestionCellViewModel.swift in Sources */,
				D05EDAC3237E5D4200CA1742 /* SceneDelegate.swift in Sources */,
				D091CA24238165660098BA20 /* SCTagCollectionViewCell.swift in Sources */,
			);
			runOnlyForDeploymentPostprocessing = 0;
		};
		D05EDACF237E5D4500CA1742 /* Sources */ = {
			isa = PBXSourcesBuildPhase;
			buildActionMask = 2147483647;
			files = (
				D05EDAD8237E5D4500CA1742 /* StackoverflowClientTests.swift in Sources */,
			);
			runOnlyForDeploymentPostprocessing = 0;
		};
/* End PBXSourcesBuildPhase section */

/* Begin PBXTargetDependency section */
		D05EDAD5237E5D4500CA1742 /* PBXTargetDependency */ = {
			isa = PBXTargetDependency;
			target = D05EDABC237E5D4200CA1742 /* StackoverflowClient */;
			targetProxy = D05EDAD4237E5D4500CA1742 /* PBXContainerItemProxy */;
		};
/* End PBXTargetDependency section */

/* Begin PBXVariantGroup section */
		D05EDAC6237E5D4200CA1742 /* Main.storyboard */ = {
			isa = PBXVariantGroup;
			children = (
				D05EDAC7237E5D4200CA1742 /* Base */,
			);
			name = Main.storyboard;
			sourceTree = "<group>";
		};
		D05EDACB237E5D4500CA1742 /* LaunchScreen.storyboard */ = {
			isa = PBXVariantGroup;
			children = (
				D05EDACC237E5D4500CA1742 /* Base */,
			);
			name = LaunchScreen.storyboard;
			sourceTree = "<group>";
		};
/* End PBXVariantGroup section */

/* Begin XCBuildConfiguration section */
		D05EDADA237E5D4500CA1742 /* Debug */ = {
			isa = XCBuildConfiguration;
			buildSettings = {
				ALWAYS_SEARCH_USER_PATHS = NO;
				CLANG_ANALYZER_NONNULL = YES;
				CLANG_ANALYZER_NUMBER_OBJECT_CONVERSION = YES_AGGRESSIVE;
				CLANG_CXX_LANGUAGE_STANDARD = "gnu++14";
				CLANG_CXX_LIBRARY = "libc++";
				CLANG_ENABLE_MODULES = YES;
				CLANG_ENABLE_OBJC_ARC = YES;
				CLANG_ENABLE_OBJC_WEAK = YES;
				CLANG_WARN_BLOCK_CAPTURE_AUTORELEASING = YES;
				CLANG_WARN_BOOL_CONVERSION = YES;
				CLANG_WARN_COMMA = YES;
				CLANG_WARN_CONSTANT_CONVERSION = YES;
				CLANG_WARN_DEPRECATED_OBJC_IMPLEMENTATIONS = YES;
				CLANG_WARN_DIRECT_OBJC_ISA_USAGE = YES_ERROR;
				CLANG_WARN_DOCUMENTATION_COMMENTS = YES;
				CLANG_WARN_EMPTY_BODY = YES;
				CLANG_WARN_ENUM_CONVERSION = YES;
				CLANG_WARN_INFINITE_RECURSION = YES;
				CLANG_WARN_INT_CONVERSION = YES;
				CLANG_WARN_NON_LITERAL_NULL_CONVERSION = YES;
				CLANG_WARN_OBJC_IMPLICIT_RETAIN_SELF = YES;
				CLANG_WARN_OBJC_LITERAL_CONVERSION = YES;
				CLANG_WARN_OBJC_ROOT_CLASS = YES_ERROR;
				CLANG_WARN_RANGE_LOOP_ANALYSIS = YES;
				CLANG_WARN_STRICT_PROTOTYPES = YES;
				CLANG_WARN_SUSPICIOUS_MOVE = YES;
				CLANG_WARN_UNGUARDED_AVAILABILITY = YES_AGGRESSIVE;
				CLANG_WARN_UNREACHABLE_CODE = YES;
				CLANG_WARN__DUPLICATE_METHOD_MATCH = YES;
				COPY_PHASE_STRIP = NO;
				DEBUG_INFORMATION_FORMAT = dwarf;
				ENABLE_STRICT_OBJC_MSGSEND = YES;
				ENABLE_TESTABILITY = YES;
				GCC_C_LANGUAGE_STANDARD = gnu11;
				GCC_DYNAMIC_NO_PIC = NO;
				GCC_NO_COMMON_BLOCKS = YES;
				GCC_OPTIMIZATION_LEVEL = 0;
				GCC_PREPROCESSOR_DEFINITIONS = (
					"DEBUG=1",
					"$(inherited)",
				);
				GCC_WARN_64_TO_32_BIT_CONVERSION = YES;
				GCC_WARN_ABOUT_RETURN_TYPE = YES_ERROR;
				GCC_WARN_UNDECLARED_SELECTOR = YES;
				GCC_WARN_UNINITIALIZED_AUTOS = YES_AGGRESSIVE;
				GCC_WARN_UNUSED_FUNCTION = YES;
				GCC_WARN_UNUSED_VARIABLE = YES;
				IPHONEOS_DEPLOYMENT_TARGET = 13.2;
				MTL_ENABLE_DEBUG_INFO = INCLUDE_SOURCE;
				MTL_FAST_MATH = YES;
				ONLY_ACTIVE_ARCH = YES;
				SDKROOT = iphoneos;
				SWIFT_ACTIVE_COMPILATION_CONDITIONS = DEBUG;
				SWIFT_OPTIMIZATION_LEVEL = "-Onone";
			};
			name = Debug;
		};
		D05EDADB237E5D4500CA1742 /* Release */ = {
			isa = XCBuildConfiguration;
			buildSettings = {
				ALWAYS_SEARCH_USER_PATHS = NO;
				CLANG_ANALYZER_NONNULL = YES;
				CLANG_ANALYZER_NUMBER_OBJECT_CONVERSION = YES_AGGRESSIVE;
				CLANG_CXX_LANGUAGE_STANDARD = "gnu++14";
				CLANG_CXX_LIBRARY = "libc++";
				CLANG_ENABLE_MODULES = YES;
				CLANG_ENABLE_OBJC_ARC = YES;
				CLANG_ENABLE_OBJC_WEAK = YES;
				CLANG_WARN_BLOCK_CAPTURE_AUTORELEASING = YES;
				CLANG_WARN_BOOL_CONVERSION = YES;
				CLANG_WARN_COMMA = YES;
				CLANG_WARN_CONSTANT_CONVERSION = YES;
				CLANG_WARN_DEPRECATED_OBJC_IMPLEMENTATIONS = YES;
				CLANG_WARN_DIRECT_OBJC_ISA_USAGE = YES_ERROR;
				CLANG_WARN_DOCUMENTATION_COMMENTS = YES;
				CLANG_WARN_EMPTY_BODY = YES;
				CLANG_WARN_ENUM_CONVERSION = YES;
				CLANG_WARN_INFINITE_RECURSION = YES;
				CLANG_WARN_INT_CONVERSION = YES;
				CLANG_WARN_NON_LITERAL_NULL_CONVERSION = YES;
				CLANG_WARN_OBJC_IMPLICIT_RETAIN_SELF = YES;
				CLANG_WARN_OBJC_LITERAL_CONVERSION = YES;
				CLANG_WARN_OBJC_ROOT_CLASS = YES_ERROR;
				CLANG_WARN_RANGE_LOOP_ANALYSIS = YES;
				CLANG_WARN_STRICT_PROTOTYPES = YES;
				CLANG_WARN_SUSPICIOUS_MOVE = YES;
				CLANG_WARN_UNGUARDED_AVAILABILITY = YES_AGGRESSIVE;
				CLANG_WARN_UNREACHABLE_CODE = YES;
				CLANG_WARN__DUPLICATE_METHOD_MATCH = YES;
				COPY_PHASE_STRIP = NO;
				DEBUG_INFORMATION_FORMAT = "dwarf-with-dsym";
				ENABLE_NS_ASSERTIONS = NO;
				ENABLE_STRICT_OBJC_MSGSEND = YES;
				GCC_C_LANGUAGE_STANDARD = gnu11;
				GCC_NO_COMMON_BLOCKS = YES;
				GCC_WARN_64_TO_32_BIT_CONVERSION = YES;
				GCC_WARN_ABOUT_RETURN_TYPE = YES_ERROR;
				GCC_WARN_UNDECLARED_SELECTOR = YES;
				GCC_WARN_UNINITIALIZED_AUTOS = YES_AGGRESSIVE;
				GCC_WARN_UNUSED_FUNCTION = YES;
				GCC_WARN_UNUSED_VARIABLE = YES;
				IPHONEOS_DEPLOYMENT_TARGET = 13.2;
				MTL_ENABLE_DEBUG_INFO = NO;
				MTL_FAST_MATH = YES;
				SDKROOT = iphoneos;
				SWIFT_COMPILATION_MODE = wholemodule;
				SWIFT_OPTIMIZATION_LEVEL = "-O";
				VALIDATE_PRODUCT = YES;
			};
			name = Release;
		};
		D05EDADD237E5D4500CA1742 /* Debug */ = {
			isa = XCBuildConfiguration;
			baseConfigurationReference = A4A46F97ED71589ADEB3404A /* Pods-StackoverflowClient.debug.xcconfig */;
			buildSettings = {
				ASSETCATALOG_COMPILER_APPICON_NAME = AppIcon;
				ASSETCATALOG_COMPILER_LAUNCHIMAGE_NAME = LaunchImage;
				CODE_SIGN_STYLE = Automatic;
				DEVELOPMENT_TEAM = 8A7TG32XSA;
				INFOPLIST_FILE = StackoverflowClient/Info.plist;
				IPHONEOS_DEPLOYMENT_TARGET = 11.0;
				LD_RUNPATH_SEARCH_PATHS = (
					"$(inherited)",
					"@executable_path/Frameworks",
				);
				PRODUCT_BUNDLE_IDENTIFIER = anugheerthi.StackoverflowClient;
				PRODUCT_NAME = "$(TARGET_NAME)";
				SWIFT_VERSION = 5.0;
				TARGETED_DEVICE_FAMILY = 1;
			};
			name = Debug;
		};
		D05EDADE237E5D4500CA1742 /* Release */ = {
			isa = XCBuildConfiguration;
			baseConfigurationReference = A3D6ADF47A5FCF75929BB4BA /* Pods-StackoverflowClient.release.xcconfig */;
			buildSettings = {
				ASSETCATALOG_COMPILER_APPICON_NAME = AppIcon;
				ASSETCATALOG_COMPILER_LAUNCHIMAGE_NAME = LaunchImage;
				CODE_SIGN_STYLE = Automatic;
				DEVELOPMENT_TEAM = 4A7N8B7Z6Y;
				INFOPLIST_FILE = StackoverflowClient/Info.plist;
				IPHONEOS_DEPLOYMENT_TARGET = 11.0;
				LD_RUNPATH_SEARCH_PATHS = (
					"$(inherited)",
					"@executable_path/Frameworks",
				);
				PRODUCT_BUNDLE_IDENTIFIER = anug.StackoverflowClient;
				PRODUCT_NAME = "$(TARGET_NAME)";
				SWIFT_VERSION = 5.0;
				TARGETED_DEVICE_FAMILY = 1;
			};
			name = Release;
		};
		D05EDAE0237E5D4500CA1742 /* Debug */ = {
			isa = XCBuildConfiguration;
			baseConfigurationReference = 9C882A6C470EB60EC246E2EC /* Pods-StackoverflowClientTests.debug.xcconfig */;
			buildSettings = {
				ALWAYS_EMBED_SWIFT_STANDARD_LIBRARIES = YES;
				BUNDLE_LOADER = "$(TEST_HOST)";
				CODE_SIGN_STYLE = Automatic;
				DEVELOPMENT_TEAM = 4A7N8B7Z6Y;
				INFOPLIST_FILE = StackoverflowClientTests/Info.plist;
				IPHONEOS_DEPLOYMENT_TARGET = 11.0;
				LD_RUNPATH_SEARCH_PATHS = (
					"$(inherited)",
					"@executable_path/Frameworks",
					"@loader_path/Frameworks",
				);
				PRODUCT_BUNDLE_IDENTIFIER = anug.StackoverflowClientTests;
				PRODUCT_NAME = "$(TARGET_NAME)";
				SWIFT_VERSION = 5.0;
				TARGETED_DEVICE_FAMILY = 1;
				TEST_HOST = "$(BUILT_PRODUCTS_DIR)/StackoverflowClient.app/StackoverflowClient";
			};
			name = Debug;
		};
		D05EDAE1237E5D4500CA1742 /* Release */ = {
			isa = XCBuildConfiguration;
			baseConfigurationReference = 04208B5D6E665F6A70BA36E5 /* Pods-StackoverflowClientTests.release.xcconfig */;
			buildSettings = {
				ALWAYS_EMBED_SWIFT_STANDARD_LIBRARIES = YES;
				BUNDLE_LOADER = "$(TEST_HOST)";
				CODE_SIGN_STYLE = Automatic;
				DEVELOPMENT_TEAM = 4A7N8B7Z6Y;
				INFOPLIST_FILE = StackoverflowClientTests/Info.plist;
				IPHONEOS_DEPLOYMENT_TARGET = 11.0;
				LD_RUNPATH_SEARCH_PATHS = (
					"$(inherited)",
					"@executable_path/Frameworks",
					"@loader_path/Frameworks",
				);
				PRODUCT_BUNDLE_IDENTIFIER = anug.StackoverflowClientTests;
				PRODUCT_NAME = "$(TARGET_NAME)";
				SWIFT_VERSION = 5.0;
				TARGETED_DEVICE_FAMILY = 1;
				TEST_HOST = "$(BUILT_PRODUCTS_DIR)/StackoverflowClient.app/StackoverflowClient";
			};
			name = Release;
		};
/* End XCBuildConfiguration section */

/* Begin XCConfigurationList section */
		D05EDAB8237E5D4200CA1742 /* Build configuration list for PBXProject "StackoverflowClient" */ = {
			isa = XCConfigurationList;
			buildConfigurations = (
				D05EDADA237E5D4500CA1742 /* Debug */,
				D05EDADB237E5D4500CA1742 /* Release */,
			);
			defaultConfigurationIsVisible = 0;
			defaultConfigurationName = Release;
		};
		D05EDADC237E5D4500CA1742 /* Build configuration list for PBXNativeTarget "StackoverflowClient" */ = {
			isa = XCConfigurationList;
			buildConfigurations = (
				D05EDADD237E5D4500CA1742 /* Debug */,
				D05EDADE237E5D4500CA1742 /* Release */,
			);
			defaultConfigurationIsVisible = 0;
			defaultConfigurationName = Release;
		};
		D05EDADF237E5D4500CA1742 /* Build configuration list for PBXNativeTarget "StackoverflowClientTests" */ = {
			isa = XCConfigurationList;
			buildConfigurations = (
				D05EDAE0237E5D4500CA1742 /* Debug */,
				D05EDAE1237E5D4500CA1742 /* Release */,
			);
			defaultConfigurationIsVisible = 0;
			defaultConfigurationName = Release;
		};
/* End XCConfigurationList section */
	};
	rootObject = D05EDAB5237E5D4200CA1742 /* Project object */;
}
